
Microsoft Visual Studio Solution File, Format Version 12.00
# Visual Studio Version 17
VisualStudioVersion = 17.4.33205.214
MinimumVisualStudioVersion = 10.0.40219.1
Project("{9A19103F-16F7-4668-BE54-9A1E7A4F7556}") = "API", "API\API.csproj", "{C0BC5001-A65C-48C4-BD5D-2E9323B47D07}"
EndProject
Project("{2150E333-8FDC-42A3-9474-1A3956D46DE8}") = "Solution Items", "Solution Items", "{DD425C21-552F-4114-A11D-D95535AE4F72}"
	ProjectSection(SolutionItems) = preProject
		.gitignore = .gitignore
	EndProjectSection
EndProject
Project("{FAE04EC0-301F-11D3-BF4B-00C04F79EFBC}") = "Application", "Application\Application.csproj", "{DD78BFE4-EB52-4E3F-9089-E5DF5C82AADC}"
EndProject
Project("{FAE04EC0-301F-11D3-BF4B-00C04F79EFBC}") = "Domain", "Domain\Domain.csproj", "{C9E8CD2A-E302-4DCD-BECF-50A88405A2ED}"
EndProject
Project("{FAE04EC0-301F-11D3-BF4B-00C04F79EFBC}") = "Data", "Data\Data.csproj", "{010CF186-0E0F-4D2A-B5E7-5CC95B02D771}"
EndProject
Project("{FAE04EC0-301F-11D3-BF4B-00C04F79EFBC}") = "Infra", "Infra\Infra.csproj", "{A14481C7-6404-41A7-87C7-F0DA549E1CE5}"
EndProject
Project("{FAE04EC0-301F-11D3-BF4B-00C04F79EFBC}") = "Test", "Test\Test.csproj", "{9CF37FD5-B2BA-48A8-B545-A6378C899E30}"
EndProject
Global
	GlobalSection(SolutionConfigurationPlatforms) = preSolution
		Debug|Any CPU = Debug|Any CPU
		Release|Any CPU = Release|Any CPU
	EndGlobalSection
	GlobalSection(ProjectConfigurationPlatforms) = postSolution
		{C0BC5001-A65C-48C4-BD5D-2E9323B47D07}.Debug|Any CPU.ActiveCfg = Debug|Any CPU
		{C0BC5001-A65C-48C4-BD5D-2E9323B47D07}.Debug|Any CPU.Build.0 = Debug|Any CPU
		{C0BC5001-A65C-48C4-BD5D-2E9323B47D07}.Release|Any CPU.ActiveCfg = Release|Any CPU
		{C0BC5001-A65C-48C4-BD5D-2E9323B47D07}.Release|Any CPU.Build.0 = Release|Any CPU
		{DD78BFE4-EB52-4E3F-9089-E5DF5C82AADC}.Debug|Any CPU.ActiveCfg = Debug|Any CPU
		{DD78BFE4-EB52-4E3F-9089-E5DF5C82AADC}.Debug|Any CPU.Build.0 = Debug|Any CPU
		{DD78BFE4-EB52-4E3F-9089-E5DF5C82AADC}.Release|Any CPU.ActiveCfg = Release|Any CPU
		{DD78BFE4-EB52-4E3F-9089-E5DF5C82AADC}.Release|Any CPU.Build.0 = Release|Any CPU
		{C9E8CD2A-E302-4DCD-BECF-50A88405A2ED}.Debug|Any CPU.ActiveCfg = Debug|Any CPU
		{C9E8CD2A-E302-4DCD-BECF-50A88405A2ED}.Debug|Any CPU.Build.0 = Debug|Any CPU
		{C9E8CD2A-E302-4DCD-BECF-50A88405A2ED}.Release|Any CPU.ActiveCfg = Release|Any CPU
		{C9E8CD2A-E302-4DCD-BECF-50A88405A2ED}.Release|Any CPU.Build.0 = Release|Any CPU
		{010CF186-0E0F-4D2A-B5E7-5CC95B02D771}.Debug|Any CPU.ActiveCfg = Debug|Any CPU
		{010CF186-0E0F-4D2A-B5E7-5CC95B02D771}.Debug|Any CPU.Build.0 = Debug|Any CPU
		{010CF186-0E0F-4D2A-B5E7-5CC95B02D771}.Release|Any CPU.ActiveCfg = Release|Any CPU
		{010CF186-0E0F-4D2A-B5E7-5CC95B02D771}.Release|Any CPU.Build.0 = Release|Any CPU
		{A14481C7-6404-41A7-87C7-F0DA549E1CE5}.Debug|Any CPU.ActiveCfg = Debug|Any CPU
		{A14481C7-6404-41A7-87C7-F0DA549E1CE5}.Debug|Any CPU.Build.0 = Debug|Any CPU
		{A14481C7-6404-41A7-87C7-F0DA549E1CE5}.Release|Any CPU.ActiveCfg = Release|Any CPU
		{A14481C7-6404-41A7-87C7-F0DA549E1CE5}.Release|Any CPU.Build.0 = Release|Any CPU
		{9CF37FD5-B2BA-48A8-B545-A6378C899E30}.Debug|Any CPU.ActiveCfg = Debug|Any CPU
		{9CF37FD5-B2BA-48A8-B545-A6378C899E30}.Debug|Any CPU.Build.0 = Debug|Any CPU
		{9CF37FD5-B2BA-48A8-B545-A6378C899E30}.Release|Any CPU.ActiveCfg = Release|Any CPU
		{9CF37FD5-B2BA-48A8-B545-A6378C899E30}.Release|Any CPU.Build.0 = Release|Any CPU
	EndGlobalSection
	GlobalSection(SolutionProperties) = preSolution
		HideSolutionNode = FALSE
	EndGlobalSection
	GlobalSection(ExtensibilityGlobals) = postSolution
		SolutionGuid = {F35BFA8B-AF4A-4870-BA6A-BE6BD9CE1931}
	EndGlobalSection
EndGlobal
